hash: 6ffe57740d561666fd6f300a44d41fe64e10b9c3d09c1082d3f9d0ba2f142b37
updated: 2016-12-30T12:00:53.890048567-06:00
imports:
- name: github.com/awalterschulze/gographviz
  version: 609eb77bad9f92f83854891fba4a0d03f075f5aa
  subpackages:
  - ast
  - errors
  - lexer
  - parser
  - token
- name: github.com/pkg/errors
  version: 645ef00459ed84a119197bfb8d8205042c6df63d
- name: github.com/scgolang/osc
  version: 21c5315c581b7ca8d38d1dbf31ddb7d414eec81b
- name: github.com/scgolang/sc
  version: ec15435572cd66fa3c680d32362339894592d5b3
testImports: []
